
Microsoft Visual Studio Solution File, Format Version 12.00
# Visual Studio Version 17
VisualStudioVersion = 17.0.31903.59
MinimumVisualStudioVersion = 10.0.40219.1
Project("{2150E333-8FDC-42A3-9474-1A3956D46DE8}") = "src", "src", "{8FC0FA4E-1910-48E9-B7AF-7572430AA533}"
EndProject
Project("{FAE04EC0-301F-11D3-BF4B-00C04F79EFBC}") = "MinhaApi", "src\MinhaApi\MinhaApi.csproj", "{A3897CA4-51CA-4458-9505-C3F8D2ADA157}"
EndProject
Global
	GlobalSection(SolutionConfigurationPlatforms) = preSolution
		Debug|Any CPU = Debug|Any CPU
		Release|Any CPU = Release|Any CPU
	EndGlobalSection
	GlobalSection(SolutionProperties) = preSolution
		HideSolutionNode = FALSE
	EndGlobalSection
	GlobalSection(ProjectConfigurationPlatforms) = postSolution
		{A3897CA4-51CA-4458-9505-C3F8D2ADA157}.Debug|Any CPU.ActiveCfg = Debug|Any CPU
		{A3897CA4-51CA-4458-9505-C3F8D2ADA157}.Debug|Any CPU.Build.0 = Debug|Any CPU
		{A3897CA4-51CA-4458-9505-C3F8D2ADA157}.Release|Any CPU.ActiveCfg = Release|Any CPU
		{A3897CA4-51CA-4458-9505-C3F8D2ADA157}.Release|Any CPU.Build.0 = Release|Any CPU
	EndGlobalSection
	GlobalSection(NestedProjects) = preSolution
		{A3897CA4-51CA-4458-9505-C3F8D2ADA157} = {8FC0FA4E-1910-48E9-B7AF-7572430AA533}
	EndGlobalSection
EndGlobal
