{
  "name": "client",
  "version": "1.0.0",
  "lockfileVersion": 3,
  "requires": true,
  "packages": {
    "": {
      "name": "client",
      "version": "1.0.0",
      "license": "ISC",
      "dependencies": {
        "systemjs": "^6.15.1"
      }
    },
    "node_modules/systemjs": {
      "version": "6.15.1",
      "resolved": "https://registry.npmjs.org/systemjs/-/systemjs-6.15.1.tgz",
      "integrity": "sha512-Nk8c4lXvMB98MtbmjX7JwJRgJOL8fluecYCfCeYBznwmpOs8Bf15hLM6z4z71EDAhQVrQrI+wt1aLWSXZq+hXA==",
      "license": "MIT"
    }
  }
}
