
Microsoft Visual Studio Solution File, Format Version 12.00
# Visual Studio Version 17
VisualStudioVersion = 17.0.31903.59
MinimumVisualStudioVersion = 10.0.40219.1
Project("{2150E333-8FDC-42A3-9474-1A3956D46DE8}") = "src", "src", "{097ABFE9-30F6-47B6-ABF7-EF9BB38D552F}"
EndProject
Project("{FAE04EC0-301F-11D3-BF4B-00C04F79EFBC}") = "Educacional.Core.Domain", "src\Educacional.Core.Domain\Educacional.Core.Domain.csproj", "{22862DB8-1466-49A9-93FF-C0DD61294FD4}"
EndProject
Project("{FAE04EC0-301F-11D3-BF4B-00C04F79EFBC}") = "Educacional.Core.Application", "src\Educacional.Core.Application\Educacional.Core.Application.csproj", "{C859D172-3B2C-4AFC-94CD-7769D491D7B3}"
EndProject
Project("{FAE04EC0-301F-11D3-BF4B-00C04F79EFBC}") = "Educacional.API", "src\Educacional.API\Educacional.API.csproj", "{C1ABD8CF-904A-496C-A543-E07112D33CA0}"
EndProject
Project("{FAE04EC0-301F-11D3-BF4B-00C04F79EFBC}") = "Educacional.Infrastructure.Data", "src\Educacional.Infrastructure.Data\Educacional.Infrastructure.Data.csproj", "{8B9CE612-95E0-47C4-A99A-D6CE7D5FF2D6}"
EndProject
Global
	GlobalSection(SolutionConfigurationPlatforms) = preSolution
		Debug|Any CPU = Debug|Any CPU
		Release|Any CPU = Release|Any CPU
	EndGlobalSection
	GlobalSection(SolutionProperties) = preSolution
		HideSolutionNode = FALSE
	EndGlobalSection
	GlobalSection(ProjectConfigurationPlatforms) = postSolution
		{22862DB8-1466-49A9-93FF-C0DD61294FD4}.Debug|Any CPU.ActiveCfg = Debug|Any CPU
		{22862DB8-1466-49A9-93FF-C0DD61294FD4}.Debug|Any CPU.Build.0 = Debug|Any CPU
		{22862DB8-1466-49A9-93FF-C0DD61294FD4}.Release|Any CPU.ActiveCfg = Release|Any CPU
		{22862DB8-1466-49A9-93FF-C0DD61294FD4}.Release|Any CPU.Build.0 = Release|Any CPU
		{C859D172-3B2C-4AFC-94CD-7769D491D7B3}.Debug|Any CPU.ActiveCfg = Debug|Any CPU
		{C859D172-3B2C-4AFC-94CD-7769D491D7B3}.Debug|Any CPU.Build.0 = Debug|Any CPU
		{C859D172-3B2C-4AFC-94CD-7769D491D7B3}.Release|Any CPU.ActiveCfg = Release|Any CPU
		{C859D172-3B2C-4AFC-94CD-7769D491D7B3}.Release|Any CPU.Build.0 = Release|Any CPU
		{C1ABD8CF-904A-496C-A543-E07112D33CA0}.Debug|Any CPU.ActiveCfg = Debug|Any CPU
		{C1ABD8CF-904A-496C-A543-E07112D33CA0}.Debug|Any CPU.Build.0 = Debug|Any CPU
		{C1ABD8CF-904A-496C-A543-E07112D33CA0}.Release|Any CPU.ActiveCfg = Release|Any CPU
		{C1ABD8CF-904A-496C-A543-E07112D33CA0}.Release|Any CPU.Build.0 = Release|Any CPU
		{8B9CE612-95E0-47C4-A99A-D6CE7D5FF2D6}.Debug|Any CPU.ActiveCfg = Debug|Any CPU
		{8B9CE612-95E0-47C4-A99A-D6CE7D5FF2D6}.Debug|Any CPU.Build.0 = Debug|Any CPU
		{8B9CE612-95E0-47C4-A99A-D6CE7D5FF2D6}.Release|Any CPU.ActiveCfg = Release|Any CPU
		{8B9CE612-95E0-47C4-A99A-D6CE7D5FF2D6}.Release|Any CPU.Build.0 = Release|Any CPU
	EndGlobalSection
	GlobalSection(NestedProjects) = preSolution
		{22862DB8-1466-49A9-93FF-C0DD61294FD4} = {097ABFE9-30F6-47B6-ABF7-EF9BB38D552F}
		{C859D172-3B2C-4AFC-94CD-7769D491D7B3} = {097ABFE9-30F6-47B6-ABF7-EF9BB38D552F}
		{C1ABD8CF-904A-496C-A543-E07112D33CA0} = {097ABFE9-30F6-47B6-ABF7-EF9BB38D552F}
		{8B9CE612-95E0-47C4-A99A-D6CE7D5FF2D6} = {097ABFE9-30F6-47B6-ABF7-EF9BB38D552F}
	EndGlobalSection
EndGlobal
