
Microsoft Visual Studio Solution File, Format Version 12.00
# Visual Studio Version 17
VisualStudioVersion = 17.0.31903.59
MinimumVisualStudioVersion = 10.0.40219.1
Project("{FAE04EC0-301F-11D3-BF4B-00C04F79EFBC}") = "Examples", "Examples\Examples.csproj", "{B02BC215-4F31-4FFC-842C-64B01FB7F306}"
EndProject
Project("{FAE04EC0-301F-11D3-BF4B-00C04F79EFBC}") = "ExamplesConsole", "ExamplesConsole\ExamplesConsole.csproj", "{853BB7B8-6751-4B68-8B7B-38507601650C}"
EndProject
Global
	GlobalSection(SolutionConfigurationPlatforms) = preSolution
		Debug|Any CPU = Debug|Any CPU
		Release|Any CPU = Release|Any CPU
	EndGlobalSection
	GlobalSection(SolutionProperties) = preSolution
		HideSolutionNode = FALSE
	EndGlobalSection
	GlobalSection(ProjectConfigurationPlatforms) = postSolution
		{B02BC215-4F31-4FFC-842C-64B01FB7F306}.Debug|Any CPU.ActiveCfg = Debug|Any CPU
		{B02BC215-4F31-4FFC-842C-64B01FB7F306}.Debug|Any CPU.Build.0 = Debug|Any CPU
		{B02BC215-4F31-4FFC-842C-64B01FB7F306}.Release|Any CPU.ActiveCfg = Release|Any CPU
		{B02BC215-4F31-4FFC-842C-64B01FB7F306}.Release|Any CPU.Build.0 = Release|Any CPU
		{853BB7B8-6751-4B68-8B7B-38507601650C}.Debug|Any CPU.ActiveCfg = Debug|Any CPU
		{853BB7B8-6751-4B68-8B7B-38507601650C}.Debug|Any CPU.Build.0 = Debug|Any CPU
		{853BB7B8-6751-4B68-8B7B-38507601650C}.Release|Any CPU.ActiveCfg = Release|Any CPU
		{853BB7B8-6751-4B68-8B7B-38507601650C}.Release|Any CPU.Build.0 = Release|Any CPU
	EndGlobalSection
EndGlobal
